
Microsoft Visual Studio Solution File, Format Version 12.00
# Visual Studio Version 17
VisualStudioVersion = 17.3.32819.101
MinimumVisualStudioVersion = 10.0.40219.1
Project("{FAE04EC0-301F-11D3-BF4B-00C04F79EFBC}") = "back-end", "back-end.csproj", "{EE0CEEEB-95A9-43EB-992E-53AFAFC6771F}"
EndProject
Global
	GlobalSection(SolutionConfigurationPlatforms) = preSolution
		Debug|Any CPU = Debug|Any CPU
		Release|Any CPU = Release|Any CPU
	EndGlobalSection
	GlobalSection(ProjectConfigurationPlatforms) = postSolution
		{EE0CEEEB-95A9-43EB-992E-53AFAFC6771F}.Debug|Any CPU.ActiveCfg = Debug|Any CPU
		{EE0CEEEB-95A9-43EB-992E-53AFAFC6771F}.Debug|Any CPU.Build.0 = Debug|Any CPU
		{EE0CEEEB-95A9-43EB-992E-53AFAFC6771F}.Release|Any CPU.ActiveCfg = Release|Any CPU
		{EE0CEEEB-95A9-43EB-992E-53AFAFC6771F}.Release|Any CPU.Build.0 = Release|Any CPU
	EndGlobalSection
	GlobalSection(SolutionProperties) = preSolution
		HideSolutionNode = FALSE
	EndGlobalSection
	GlobalSection(ExtensibilityGlobals) = postSolution
		SolutionGuid = {75FE2376-B1CD-4FDD-92CD-1B250B14E511}
	EndGlobalSection
EndGlobal
